
Microsoft Visual Studio Solution File, Format Version 12.00
# Visual Studio Version 17
VisualStudioVersion = 17.12.35506.116 d17.12
MinimumVisualStudioVersion = 10.0.40219.1
Project("{FAE04EC0-301F-11D3-BF4B-00C04F79EFBC}") = "HCLSpro", "HCLSpro\HCLSpro.csproj", "{54EC8EAD-7398-47C0-B2F5-159924FC2AA9}"
EndProject
Project("{FAE04EC0-301F-11D3-BF4B-00C04F79EFBC}") = "HCLSpro.tests", "..\HCLSpro.tests\HCLSpro.tests.csproj", "{10567702-8660-4083-99E0-BDD21F35B87F}"
EndProject
Global
	GlobalSection(SolutionConfigurationPlatforms) = preSolution
		Debug|Any CPU = Debug|Any CPU
		Release|Any CPU = Release|Any CPU
	EndGlobalSection
	GlobalSection(ProjectConfigurationPlatforms) = postSolution
		{54EC8EAD-7398-47C0-B2F5-159924FC2AA9}.Debug|Any CPU.ActiveCfg = Debug|Any CPU
		{54EC8EAD-7398-47C0-B2F5-159924FC2AA9}.Debug|Any CPU.Build.0 = Debug|Any CPU
		{54EC8EAD-7398-47C0-B2F5-159924FC2AA9}.Release|Any CPU.ActiveCfg = Release|Any CPU
		{54EC8EAD-7398-47C0-B2F5-159924FC2AA9}.Release|Any CPU.Build.0 = Release|Any CPU
		{10567702-8660-4083-99E0-BDD21F35B87F}.Debug|Any CPU.ActiveCfg = Debug|Any CPU
		{10567702-8660-4083-99E0-BDD21F35B87F}.Debug|Any CPU.Build.0 = Debug|Any CPU
		{10567702-8660-4083-99E0-BDD21F35B87F}.Release|Any CPU.ActiveCfg = Release|Any CPU
		{10567702-8660-4083-99E0-BDD21F35B87F}.Release|Any CPU.Build.0 = Release|Any CPU
	EndGlobalSection
	GlobalSection(SolutionProperties) = preSolution
		HideSolutionNode = FALSE
	EndGlobalSection
EndGlobal
